
Microsoft Visual Studio Solution File, Format Version 12.00
# Visual Studio Version 16
VisualStudioVersion = 16.0.31624.102
MinimumVisualStudioVersion = 10.0.40219.1
Project("{FAE04EC0-301F-11D3-BF4B-00C04F79EFBC}") = "FindMaxUsingGenerics_CS", "FindMaxUsingGenerics_CS\FindMaxUsingGenerics_CS.csproj", "{4790E5D4-77C0-4649-BC29-52B220FF7CE7}"
EndProject
Global
	GlobalSection(SolutionConfigurationPlatforms) = preSolution
		Debug|Any CPU = Debug|Any CPU
		Release|Any CPU = Release|Any CPU
	EndGlobalSection
	GlobalSection(ProjectConfigurationPlatforms) = postSolution
		{4790E5D4-77C0-4649-BC29-52B220FF7CE7}.Debug|Any CPU.ActiveCfg = Debug|Any CPU
		{4790E5D4-77C0-4649-BC29-52B220FF7CE7}.Debug|Any CPU.Build.0 = Debug|Any CPU
		{4790E5D4-77C0-4649-BC29-52B220FF7CE7}.Release|Any CPU.ActiveCfg = Release|Any CPU
		{4790E5D4-77C0-4649-BC29-52B220FF7CE7}.Release|Any CPU.Build.0 = Release|Any CPU
	EndGlobalSection
	GlobalSection(SolutionProperties) = preSolution
		HideSolutionNode = FALSE
	EndGlobalSection
	GlobalSection(ExtensibilityGlobals) = postSolution
		SolutionGuid = {914B352D-0291-4313-928E-9FB0BBEF9185}
	EndGlobalSection
EndGlobal
